[[package]]
category = "dev"
description = "A small Python module for determining appropriate platform-specific dirs, e.g. a \"user data dir\"."
name = "appdirs"
optional = false
python-versions = "*"
version = "1.4.3"

[[package]]
category = "dev"
description = "Classes Without Boilerplate"
name = "attrs"
optional = false
python-versions = ">=2.7, !=3.0.*, !=3.1.*, !=3.2.*, !=3.3.*"
version = "19.3.0"

[package.extras]
azure-pipelines = ["coverage", "hypothesis", "pympler", "pytest (>=4.3.0)", "six", "zope.interface", "pytest-azurepipelines"]
dev = ["coverage", "hypothesis", "pympler", "pytest (>=4.3.0)", "six", "zope.interface", "sphinx", "pre-commit"]
docs = ["sphinx", "zope.interface"]
tests = ["coverage", "hypothesis", "pympler", "pytest (>=4.3.0)", "six", "zope.interface"]

[[package]]
category = "dev"
description = "The uncompromising code formatter."
name = "black"
optional = false
python-versions = ">=3.6"
version = "19.10b0"

[package.dependencies]
appdirs = "*"
attrs = ">=18.1.0"
click = ">=6.5"
pathspec = ">=0.6,<1"
regex = "*"
toml = ">=0.9.4"
typed-ast = ">=1.4.0"

[package.extras]
d = ["aiohttp (>=3.3.2)", "aiohttp-cors"]

[[package]]
category = "main"
description = "Composable command line interface toolkit"
name = "click"
optional = false
python-versions = ">=2.7, !=3.0.*, !=3.1.*, !=3.2.*, !=3.3.*, !=3.4.*"
version = "7.1.1"

[[package]]
category = "main"
description = "Dominate is a Python library for creating and manipulating HTML documents using an elegant DOM API."
name = "dominate"
optional = false
python-versions = ">=2.7, !=3.0.*, !=3.1.*, !=3.2.*, !=3.3.*"
version = "2.5.1"

[[package]]
category = "dev"
description = "Discover and load entry points from installed packages."
name = "entrypoints"
optional = false
python-versions = ">=2.7"
version = "0.3"

[[package]]
category = "dev"
description = "the modular source code checker: pep8, pyflakes and co"
name = "flake8"
optional = false
python-versions = ">=2.7, !=3.0.*, !=3.1.*, !=3.2.*, !=3.3.*"
version = "3.7.9"

[package.dependencies]
entrypoints = ">=0.3.0,<0.4.0"
mccabe = ">=0.6.0,<0.7.0"
pycodestyle = ">=2.5.0,<2.6.0"
pyflakes = ">=2.1.0,<2.2.0"

[[package]]
category = "main"
description = "A simple framework for building complex web applications."
name = "flask"
optional = false
python-versions = ">=2.7, !=3.0.*, !=3.1.*, !=3.2.*, !=3.3.*, !=3.4.*"
version = "1.1.1"

[package.dependencies]
Jinja2 = ">=2.10.1"
Werkzeug = ">=0.15"
click = ">=5.1"
itsdangerous = ">=0.24"

[package.extras]
dev = ["pytest", "coverage", "tox", "sphinx", "pallets-sphinx-themes", "sphinxcontrib-log-cabinet", "sphinx-issues"]
docs = ["sphinx", "pallets-sphinx-themes", "sphinxcontrib-log-cabinet", "sphinx-issues"]
dotenv = ["python-dotenv"]

[[package]]
category = "main"
description = "An extension that includes Bootstrap in your project, without any boilerplate code."
name = "flask-bootstrap"
optional = false
python-versions = "*"
version = "3.3.7.1"

[package.dependencies]
Flask = ">=0.8"
dominate = "*"
visitor = "*"

[[package]]
category = "main"
description = "WSGI HTTP Server for UNIX"
name = "gunicorn"
optional = false
python-versions = ">=3.4"
version = "20.0.4"

[package.dependencies]
setuptools = ">=3.0"

[package.extras]
eventlet = ["eventlet (>=0.9.7)"]
gevent = ["gevent (>=0.13)"]
setproctitle = ["setproctitle"]
tornado = ["tornado (>=0.2)"]

[[package]]
category = "dev"
description = "A Python utility / library to sort Python imports."
name = "isort"
optional = false
python-versions = ">=2.7, !=3.0.*, !=3.1.*, !=3.2.*, !=3.3.*"
version = "4.3.21"

[package.extras]
pipfile = ["pipreqs", "requirementslib"]
pyproject = ["toml"]
requirements = ["pipreqs", "pip-api"]
xdg_home = ["appdirs (>=1.4.0)"]

[[package]]
category = "main"
description = "Various helpers to pass data to untrusted environments and back."
name = "itsdangerous"
optional = false
python-versions = ">=2.7, !=3.0.*, !=3.1.*, !=3.2.*, !=3.3.*"
version = "1.1.0"

[[package]]
category = "main"
description = "Chinese Words Segmentation Utilities"
name = "jieba"
optional = false
python-versions = "*"
version = "0.42.1"

[[package]]
category = "main"
description = "A very fast and expressive template engine."
name = "jinja2"
optional = false
python-versions = ">=2.7, !=3.0.*, !=3.1.*, !=3.2.*, !=3.3.*, !=3.4.*"
version = "2.11.1"

[package.dependencies]
MarkupSafe = ">=0.23"

[package.extras]
i18n = ["Babel (>=0.8)"]

[[package]]
category = "main"
description = "Lightweight pipelining: using Python functions as pipeline jobs."
name = "joblib"
optional = false
python-versions = "*"
version = "0.14.1"

[[package]]
category = "main"
description = "Universal Python binding for the LMDB 'Lightning' Database"
name = "lmdb"
optional = false
python-versions = "*"
version = "0.98"

[[package]]
category = "main"
description = "Static memory-efficient and fast Trie-like structures for Python."
name = "marisa-trie"
optional = false
python-versions = ">=2.7, !=3.0.*, !=3.1.*, !=3.2.*, !=3.3.*"
version = "0.7.5"

[[package]]
category = "main"
description = "Safely add untrusted strings to HTML/XML markup."
name = "markupsafe"
optional = false
python-versions = ">=2.7,!=3.0.*,!=3.1.*,!=3.2.*,!=3.3.*"
version = "1.1.1"

[[package]]
category = "dev"
description = "McCabe checker, plugin for flake8"
name = "mccabe"
optional = false
python-versions = "*"
version = "0.6.1"

[[package]]
category = "main"
description = "Python wrapper for the MeCab morphological analyzer for Japanese"
name = "mecab-python3"
optional = false
python-versions = "*"
version = "0.996.5"

[[package]]
category = "main"
description = "MWParserFromHell is a parser for MediaWiki wikicode."
name = "mwparserfromhell"
optional = false
python-versions = "*"
version = "0.5.4"

[[package]]
category = "main"
description = "NumPy is the fundamental package for array computing with Python."
name = "numpy"
optional = false
python-versions = ">=3.5"
version = "1.18.1"

[[package]]
category = "dev"
description = "Utility library for gitignore style pattern matching of file paths."
name = "pathspec"
optional = false
python-versions = ">=2.7, !=3.0.*, !=3.1.*, !=3.2.*, !=3.3.*, !=3.4.*"
version = "0.7.0"

[[package]]
category = "dev"
description = "Python style guide checker"
name = "pycodestyle"
optional = false
python-versions = ">=2.7, !=3.0.*, !=3.1.*, !=3.2.*, !=3.3.*"
version = "2.5.0"

[[package]]
category = "dev"
description = "passive checker of Python programs"
name = "pyflakes"
optional = false
python-versions = ">=2.7, !=3.0.*, !=3.1.*, !=3.2.*, !=3.3.*"
version = "2.1.1"

[[package]]
category = "dev"
description = "Alternative regular expression module, to replace re."
name = "regex"
optional = false
python-versions = "*"
version = "2020.2.20"

[[package]]
category = "main"
description = "SciPy: Scientific Library for Python"
name = "scipy"
optional = false
python-versions = ">=3.5"
version = "1.4.1"

[package.dependencies]
numpy = ">=1.13.3"

[[package]]
category = "main"
description = "Python 2 and 3 compatibility utilities"
name = "six"
optional = false
python-versions = ">=2.7, !=3.0.*, !=3.1.*, !=3.2.*"
version = "1.14.0"

[[package]]
category = "dev"
description = "Python Library for Tom's Obvious, Minimal Language"
name = "toml"
optional = false
python-versions = "*"
version = "0.10.0"

[[package]]
category = "main"
description = "Fast, Extensible Progress Meter"
name = "tqdm"
optional = false
python-versions = ">=2.6, !=3.0.*, !=3.1.*"
version = "4.43.0"

[package.extras]
dev = ["py-make (>=0.1.0)", "twine", "argopt", "pydoc-markdown"]

[[package]]
category = "dev"
description = "a fork of Python 2 and 3 ast modules with type comment support"
name = "typed-ast"
optional = false
python-versions = "*"
version = "1.4.1"

[[package]]
category = "main"
description = "A tiny pythonic visitor implementation."
name = "visitor"
optional = false
python-versions = "*"
version = "0.1.3"

[[package]]
category = "main"
description = "The comprehensive WSGI web application library."
name = "werkzeug"
optional = false
python-versions = ">=2.7, !=3.0.*, !=3.1.*, !=3.2.*, !=3.3.*, !=3.4.*"
version = "1.0.0"

[package.extras]
dev = ["pytest", "coverage", "tox", "sphinx", "pallets-sphinx-themes", "sphinx-issues"]
watchdog = ["watchdog"]

[[package]]
category = "main"
description = "A tool for learning vector representations of words and entities from Wikipedia"
name = "wikipedia2vec"
optional = false
python-versions = "*"
version = "1.0.4"

[package.dependencies]
click = "*"
jieba = "*"
joblib = "*"
lmdb = "*"
marisa-trie = "*"
mwparserfromhell = "*"
numpy = "*"
scipy = "*"
six = "*"
tqdm = "*"

[metadata]
content-hash = "041a745a0cb5f8f1d40e850cc2419570b82fdf287f6ec9c10c1b6c97602432c7"
python-versions = "^3.7"

[metadata.files]
appdirs = [
    {file = "appdirs-1.4.3-py2.py3-none-any.whl", hash = "sha256:d8b24664561d0d34ddfaec54636d502d7cea6e29c3eaf68f3df6180863e2166e"},
    {file = "appdirs-1.4.3.tar.gz", hash = "sha256:9e5896d1372858f8dd3344faf4e5014d21849c756c8d5701f78f8a103b372d92"},
]
attrs = [
    {file = "attrs-19.3.0-py2.py3-none-any.whl", hash = "sha256:08a96c641c3a74e44eb59afb61a24f2cb9f4d7188748e76ba4bb5edfa3cb7d1c"},
    {file = "attrs-19.3.0.tar.gz", hash = "sha256:f7b7ce16570fe9965acd6d30101a28f62fb4a7f9e926b3bbc9b61f8b04247e72"},
]
black = [
    {file = "black-19.10b0-py36-none-any.whl", hash = "sha256:1b30e59be925fafc1ee4565e5e08abef6b03fe455102883820fe5ee2e4734e0b"},
    {file = "black-19.10b0.tar.gz", hash = "sha256:c2edb73a08e9e0e6f65a0e6af18b059b8b1cdd5bef997d7a0b181df93dc81539"},
]
click = [
    {file = "click-7.1.1-py2.py3-none-any.whl", hash = "sha256:e345d143d80bf5ee7534056164e5e112ea5e22716bbb1ce727941f4c8b471b9a"},
    {file = "click-7.1.1.tar.gz", hash = "sha256:8a18b4ea89d8820c5d0c7da8a64b2c324b4dabb695804dbfea19b9be9d88c0cc"},
]
dominate = [
    {file = "dominate-2.5.1-py2.py3-none-any.whl", hash = "sha256:22636ad28200e75fa9e751f0511aaeb9f0b630044ed8ccbd89c27acdf3dda7a1"},
    {file = "dominate-2.5.1.tar.gz", hash = "sha256:9b05481605ea8c0afd0a98c0156a9fb78d9c406368d66b3e6fedf36920fb9d78"},
]
entrypoints = [
    {file = "entrypoints-0.3-py2.py3-none-any.whl", hash = "sha256:589f874b313739ad35be6e0cd7efde2a4e9b6fea91edcc34e58ecbb8dbe56d19"},
    {file = "entrypoints-0.3.tar.gz", hash = "sha256:c70dd71abe5a8c85e55e12c19bd91ccfeec11a6e99044204511f9ed547d48451"},
]
flake8 = [
    {file = "flake8-3.7.9-py2.py3-none-any.whl", hash = "sha256:49356e766643ad15072a789a20915d3c91dc89fd313ccd71802303fd67e4deca"},
    {file = "flake8-3.7.9.tar.gz", hash = "sha256:45681a117ecc81e870cbf1262835ae4af5e7a8b08e40b944a8a6e6b895914cfb"},
]
flask = [
    {file = "Flask-1.1.1-py2.py3-none-any.whl", hash = "sha256:45eb5a6fd193d6cf7e0cf5d8a5b31f83d5faae0293695626f539a823e93b13f6"},
    {file = "Flask-1.1.1.tar.gz", hash = "sha256:13f9f196f330c7c2c5d7a5cf91af894110ca0215ac051b5844701f2bfd934d52"},
]
flask-bootstrap = [
    {file = "Flask-Bootstrap-3.3.7.1.tar.gz", hash = "sha256:cb08ed940183f6343a64e465e83b3a3f13c53e1baabb8d72b5da4545ef123ac8"},
]
gunicorn = [
    {file = "gunicorn-20.0.4-py2.py3-none-any.whl", hash = "sha256:cd4a810dd51bf497552cf3f863b575dabd73d6ad6a91075b65936b151cbf4f9c"},
    {file = "gunicorn-20.0.4.tar.gz", hash = "sha256:1904bb2b8a43658807108d59c3f3d56c2b6121a701161de0ddf9ad140073c626"},
]
isort = [
    {file = "isort-4.3.21-py2.py3-none-any.whl", hash = "sha256:6e811fcb295968434526407adb8796944f1988c5b65e8139058f2014cbe100fd"},
    {file = "isort-4.3.21.tar.gz", hash = "sha256:54da7e92468955c4fceacd0c86bd0ec997b0e1ee80d97f67c35a78b719dccab1"},
]
itsdangerous = [
    {file = "itsdangerous-1.1.0-py2.py3-none-any.whl", hash = "sha256:b12271b2047cb23eeb98c8b5622e2e5c5e9abd9784a153e9d8ef9cb4dd09d749"},
    {file = "itsdangerous-1.1.0.tar.gz", hash = "sha256:321b033d07f2a4136d3ec762eac9f16a10ccd60f53c0c91af90217ace7ba1f19"},
]
jieba = [
    {file = "jieba-0.42.1.tar.gz", hash = "sha256:055ca12f62674fafed09427f176506079bc135638a14e23e25be909131928db2"},
]
jinja2 = [
    {file = "Jinja2-2.11.1-py2.py3-none-any.whl", hash = "sha256:b0eaf100007721b5c16c1fc1eecb87409464edc10469ddc9a22a27a99123be49"},
    {file = "Jinja2-2.11.1.tar.gz", hash = "sha256:93187ffbc7808079673ef52771baa950426fd664d3aad1d0fa3e95644360e250"},
]
joblib = [
    {file = "joblib-0.14.1-py2.py3-none-any.whl", hash = "sha256:bdb4fd9b72915ffb49fde2229ce482dd7ae79d842ed8c2b4c932441495af1403"},
    {file = "joblib-0.14.1.tar.gz", hash = "sha256:0630eea4f5664c463f23fbf5dcfc54a2bc6168902719fa8e19daf033022786c8"},
]
lmdb = [
    {file = "lmdb-0.98-cp27-cp27m-win32.whl", hash = "sha256:45db7b7da2e0b7122f0a140c9fb99cd6fd4bb734106b3e9390cf7caef0cb48ee"},
    {file = "lmdb-0.98-cp27-cp27m-win_amd64.whl", hash = "sha256:bb48b89aa8d62145758992095b6b7c323815482364b684b8e3318a8a2c64eb16"},
    {file = "lmdb-0.98-cp34-cp34m-win32.whl", hash = "sha256:efec783301d893fc7fe059abf4737a08cfb07a3189f7bbfcce558b2bb9787d25"},
    {file = "lmdb-0.98-cp35-cp35m-win32.whl", hash = "sha256:15aa0ba7d3f17b6842ab1547e1224d9f444529d01e1bf443cc7d3f35445a98f4"},
    {file = "lmdb-0.98-cp35-cp35m-win_amd64.whl", hash = "sha256:00ef17fe432088e979f004aa09d3dc741b998b86f67dde5d35a474b065b33789"},
    {file = "lmdb-0.98-cp36-cp36m-win32.whl", hash = "sha256:11f70bde9f502b2843f9cab12d2d81080e6e5eefe8871c3011be7428802c1bd8"},
    {file = "lmdb-0.98-cp36-cp36m-win_amd64.whl", hash = "sha256:df2ac8fa4047afa38940b3f96db91764deb94fd8d275e639a02e779493724be4"},
    {file = "lmdb-0.98-cp37-cp37m-win32.whl", hash = "sha256:6769750d08619d18e945e5cd16a129cc5fb1ac5a55a9745ed4f8cbebaed0895d"},
    {file = "lmdb-0.98-cp37-cp37m-win_amd64.whl", hash = "sha256:c002faf238ac765df5b18a0bed5a8dbeab36bf4bc2a7253899769ae615fd74df"},
    {file = "lmdb-0.98-py2.7-win-amd64.egg", hash = "sha256:a186308016c26d38858c86a895cbf6a538aeaf5249815646935da7b0fe922758"},
    {file = "lmdb-0.98-py2.7-win32.egg", hash = "sha256:f831ea263a3ebdbc66d5137c6f2e999d1aeaa8ea0d3256cf6cd56cf44f5af1be"},
    {file = "lmdb-0.98-py3.4-win32.egg", hash = "sha256:7c4eb54e25234ea16b46b4baddc4020d63ad5697eb8fe07b18580fa8906bffd6"},
    {file = "lmdb-0.98-py3.5-win-amd64.egg", hash = "sha256:baa501d3c20fb1475c99182ba57de25117c480539b12200b53208da2e7af6a1e"},
    {file = "lmdb-0.98-py3.5-win32.egg", hash = "sha256:2ef48435985687d9e3c248ca9f01fa7ce6716fb6bdcfbca5cba18939ba6a497d"},
    {file = "lmdb-0.98-py3.6-win-amd64.egg", hash = "sha256:d79e352433f64dfe17236cf53bd8c68ebf4789473d6056d1aa73f02266448df9"},
    {file = "lmdb-0.98-py3.6-win32.egg", hash = "sha256:a3428c5ef487c13e5d7305bcbbb978d6a6fe9c23c24974f77162dc2a7d3fc7fd"},
    {file = "lmdb-0.98-py3.7-win-amd64.egg", hash = "sha256:096e89ad61d64db4cececb0c230187eb74438437d367752f57a204b3d2eacd2c"},
    {file = "lmdb-0.98-py3.7-win32.egg", hash = "sha256:444d702430fcacb4d7e0e502e24fa62de05db45074171433a54c013ecf66dabd"},
    {file = "lmdb-0.98.tar.gz", hash = "sha256:0625bc28bf0893e6000a83be7234f915ca078c32f9e73d8ae48b3508db7af708"},
]
marisa-trie = [
    {file = "marisa-trie-0.7.5.tar.gz", hash = "sha256:c73bc25d868e8c4ea7aa7f1e19892db07bba2463351269b05340ccfa06eb2baf"},
    {file = "marisa_trie-0.7.5-cp36-cp36m-macosx_10_7_x86_64.whl", hash = "sha256:4419abb6b603c97e863fad994abe57ed247fb12491f4bbacb2d762bd2e8958b6"},
]
markupsafe = [
    {file = "MarkupSafe-1.1.1-cp27-cp27m-macosx_10_6_intel.whl", hash = "sha256:09027a7803a62ca78792ad89403b1b7a73a01c8cb65909cd876f7fcebd79b161"},
    {file = "MarkupSafe-1.1.1-cp27-cp27m-manylinux1_i686.whl", hash = "sha256:e249096428b3ae81b08327a63a485ad0878de3fb939049038579ac0ef61e17e7"},
    {file = "MarkupSafe-1.1.1-cp27-cp27m-manylinux1_x86_64.whl", hash = "sha256:500d4957e52ddc3351cabf489e79c91c17f6e0899158447047588650b5e69183"},
    {file = "MarkupSafe-1.1.1-cp27-cp27m-win32.whl", hash = "sha256:b2051432115498d3562c084a49bba65d97cf251f5a331c64a12ee7e04dacc51b"},
    {file = "MarkupSafe-1.1.1-cp27-cp27m-win_amd64.whl", hash = "sha256:98c7086708b163d425c67c7a91bad6e466bb99d797aa64f965e9d25c12111a5e"},
    {file = "MarkupSafe-1.1.1-cp27-cp27mu-manylinux1_i686.whl", hash = "sha256:cd5df75523866410809ca100dc9681e301e3c27567cf498077e8551b6d20e42f"},
    {file = "MarkupSafe-1.1.1-cp27-cp27mu-manylinux1_x86_64.whl", hash = "sha256:43a55c2930bbc139570ac2452adf3d70cdbb3cfe5912c71cdce1c2c6bbd9c5d1"},
    {file = "MarkupSafe-1.1.1-cp34-cp34m-macosx_10_6_intel.whl", hash = "sha256:1027c282dad077d0bae18be6794e6b6b8c91d58ed8a8d89a89d59693b9131db5"},
    {file = "MarkupSafe-1.1.1-cp34-cp34m-manylinux1_i686.whl", hash = "sha256:62fe6c95e3ec8a7fad637b7f3d372c15ec1caa01ab47926cfdf7a75b40e0eac1"},
    {file = "MarkupSafe-1.1.1-cp34-cp34m-manylinux1_x86_64.whl", hash = "sha256:88e5fcfb52ee7b911e8bb6d6aa2fd21fbecc674eadd44118a9cc3863f938e735"},
    {file = "MarkupSafe-1.1.1-cp34-cp34m-win32.whl", hash = "sha256:ade5e387d2ad0d7ebf59146cc00c8044acbd863725f887353a10df825fc8ae21"},
    {file = "MarkupSafe-1.1.1-cp34-cp34m-win_amd64.whl", hash = "sha256:09c4b7f37d6c648cb13f9230d847adf22f8171b1ccc4d5682398e77f40309235"},
    {file = "MarkupSafe-1.1.1-cp35-cp35m-macosx_10_6_intel.whl", hash = "sha256:79855e1c5b8da654cf486b830bd42c06e8780cea587384cf6545b7d9ac013a0b"},
    {file = "MarkupSafe-1.1.1-cp35-cp35m-manylinux1_i686.whl", hash = "sha256:c8716a48d94b06bb3b2524c2b77e055fb313aeb4ea620c8dd03a105574ba704f"},
    {file = "MarkupSafe-1.1.1-cp35-cp35m-manylinux1_x86_64.whl", hash = "sha256:7c1699dfe0cf8ff607dbdcc1e9b9af1755371f92a68f706051cc8c37d447c905"},
    {file = "MarkupSafe-1.1.1-cp35-cp35m-win32.whl", hash = "sha256:6dd73240d2af64df90aa7c4e7481e23825ea70af4b4922f8ede5b9e35f78a3b1"},
    {file = "MarkupSafe-1.1.1-cp35-cp35m-win_amd64.whl", hash = "sha256:9add70b36c5666a2ed02b43b335fe19002ee5235efd4b8a89bfcf9005bebac0d"},
    {file = "MarkupSafe-1.1.1-cp36-cp36m-macosx_10_6_intel.whl", hash = "sha256:24982cc2533820871eba85ba648cd53d8623687ff11cbb805be4ff7b4c971aff"},
    {file = "MarkupSafe-1.1.1-cp36-cp36m-manylinux1_i686.whl", hash = "sha256:00bc623926325b26bb9605ae9eae8a215691f33cae5df11ca5424f06f2d1f473"},
    {file = "MarkupSafe-1.1.1-cp36-cp36m-manylinux1_x86_64.whl", hash = "sha256:717ba8fe3ae9cc0006d7c451f0bb265ee07739daf76355d06366154ee68d221e"},
    {file = "MarkupSafe-1.1.1-cp36-cp36m-win32.whl", hash = "sha256:535f6fc4d397c1563d08b88e485c3496cf5784e927af890fb3c3aac7f933ec66"},
    {file = "MarkupSafe-1.1.1-cp36-cp36m-win_amd64.whl", hash = "sha256:b1282f8c00509d99fef04d8ba936b156d419be841854fe901d8ae224c59f0be5"},
    {file = "MarkupSafe-1.1.1-cp37-cp37m-macosx_10_6_intel.whl", hash = "sha256:8defac2f2ccd6805ebf65f5eeb132adcf2ab57aa11fdf4c0dd5169a004710e7d"},
    {file = "MarkupSafe-1.1.1-cp37-cp37m-manylinux1_i686.whl", hash = "sha256:46c99d2de99945ec5cb54f23c8cd5689f6d7177305ebff350a58ce5f8de1669e"},
    {file = "MarkupSafe-1.1.1-cp37-cp37m-manylinux1_x86_64.whl", hash = "sha256:ba59edeaa2fc6114428f1637ffff42da1e311e29382d81b339c1817d37ec93c6"},
    {file = "MarkupSafe-1.1.1-cp37-cp37m-win32.whl", hash = "sha256:b00c1de48212e4cc9603895652c5c410df699856a2853135b3967591e4beebc2"},
    {file = "MarkupSafe-1.1.1-cp37-cp37m-win_amd64.whl", hash = "sha256:9bf40443012702a1d2070043cb6291650a0841ece432556f784f004937f0f32c"},
    {file = "MarkupSafe-1.1.1-cp38-cp38-macosx_10_9_x86_64.whl", hash = "sha256:6788b695d50a51edb699cb55e35487e430fa21f1ed838122d722e0ff0ac5ba15"},
    {file = "MarkupSafe-1.1.1-cp38-cp38-manylinux1_i686.whl", hash = "sha256:cdb132fc825c38e1aeec2c8aa9338310d29d337bebbd7baa06889d09a60a1fa2"},
    {file = "MarkupSafe-1.1.1-cp38-cp38-manylinux1_x86_64.whl", hash = "sha256:13d3144e1e340870b25e7b10b98d779608c02016d5184cfb9927a9f10c689f42"},
    {file = "MarkupSafe-1.1.1-cp38-cp38-win32.whl", hash = "sha256:596510de112c685489095da617b5bcbbac7dd6384aeebeda4df6025d0256a81b"},
    {file = "MarkupSafe-1.1.1-cp38-cp38-win_amd64.whl", hash = "sha256:e8313f01ba26fbbe36c7be1966a7b7424942f670f38e666995b88d012765b9be"},
    {file = "MarkupSafe-1.1.1.tar.gz", hash = "sha256:29872e92839765e546828bb7754a68c418d927cd064fd4708fab9fe9c8bb116b"},
]
mccabe = [
    {file = "mccabe-0.6.1-py2.py3-none-any.whl", hash = "sha256:ab8a6258860da4b6677da4bd2fe5dc2c659cff31b3ee4f7f5d64e79735b80d42"},
    {file = "mccabe-0.6.1.tar.gz", hash = "sha256:dd8d182285a0fe56bace7f45b5e7d1a6ebcbf524e8f3bd87eb0f125271b8831f"},
]
mecab-python3 = [
    {file = "mecab-python3-0.996.5.tar.gz", hash = "sha256:e7f09caf136903ce908b8b001ffc178d6caa129c1550d47d8f7f733a213749a8"},
    {file = "mecab_python3-0.996.5-cp27-cp27m-macosx_10_9_x86_64.whl", hash = "sha256:2d066afe09a95716facf60a673f538257f595a282beb1e021d1b495f995ee70e"},
    {file = "mecab_python3-0.996.5-cp27-cp27m-manylinux1_i686.whl", hash = "sha256:4fb35dd2486b3d8b1868cfa8e1772e195c26a90b02f2509e4b61e11fd846b442"},
    {file = "mecab_python3-0.996.5-cp27-cp27m-manylinux1_x86_64.whl", hash = "sha256:52e5eb828d42f4cdd41eb3e689d6130d06a3576fee067e04c40566c7ce09ba1b"},
    {file = "mecab_python3-0.996.5-cp27-cp27m-manylinux2010_i686.whl", hash = "sha256:3187479c79151f384f44c0d12a87305bfab94bef90183bd6db0bcd44c2c3374b"},
    {file = "mecab_python3-0.996.5-cp27-cp27m-manylinux2010_x86_64.whl", hash = "sha256:304ee365de78cf9c48373122bb68a5f2c2cb60c9d058a690b3cdaf1059d4c91c"},
    {file = "mecab_python3-0.996.5-cp27-cp27mu-manylinux1_i686.whl", hash = "sha256:730898c5e55f6a5f894251603afd44ebfdbe7ddec00113c233ef1b9c91b8690a"},
    {file = "mecab_python3-0.996.5-cp27-cp27mu-manylinux1_x86_64.whl", hash = "sha256:429c92effeb46336e994b2d4b29a8b9e57ff947df55fd5b8042315fdb50d573a"},
    {file = "mecab_python3-0.996.5-cp27-cp27mu-manylinux2010_i686.whl", hash = "sha256:e2118906bbdfd17d002c4eab649a71c9635de175728933c2a226fd8533d13ff7"},
    {file = "mecab_python3-0.996.5-cp27-cp27mu-manylinux2010_x86_64.whl", hash = "sha256:5864b6e55796e982fba8a8bb073f97893cbe2c55481692d83e6bd1ad60125585"},
    {file = "mecab_python3-0.996.5-cp35-cp35m-manylinux1_i686.whl", hash = "sha256:bd8bce5251153199acb3aff72d22954801ef3c46a37b4ee17de5e32c37388f58"},
    {file = "mecab_python3-0.996.5-cp35-cp35m-manylinux1_x86_64.whl", hash = "sha256:0758c4e428c9eda01b14f2e93b4b48055264c4044c43992a8421bfd2a27d9ae0"},
    {file = "mecab_python3-0.996.5-cp35-cp35m-manylinux2010_i686.whl", hash = "sha256:4732677c74dae291587d930d307bfd92776a198cbb1ea2836ede652180c9dbd1"},
    {file = "mecab_python3-0.996.5-cp35-cp35m-manylinux2010_x86_64.whl", hash = "sha256:b80cb1af8b7c3e8d5e88fd7b5511e8ad630717f81e9117685613b10216c0f648"},
    {file = "mecab_python3-0.996.5-cp36-cp36m-macosx_10_9_x86_64.whl", hash = "sha256:b33f212afff92fc292a8b20ab82d2fbc9a4d2f6fbe6dd96e9104ef3cf1150944"},
    {file = "mecab_python3-0.996.5-cp36-cp36m-manylinux1_i686.whl", hash = "sha256:52aa68cb5bbf993d3862feb9c477f230ed27c4cfc8e3fa3388419561cd02ffcb"},
    {file = "mecab_python3-0.996.5-cp36-cp36m-manylinux1_x86_64.whl", hash = "sha256:6ddf32a2e0bda7628f0f57ded67be4601a31ffbca6524e328bec3ef098abff10"},
    {file = "mecab_python3-0.996.5-cp36-cp36m-manylinux2010_i686.whl", hash = "sha256:92019635b0686a6aa30f4d908155696077abe8848203e102ae7befab0b96b9ea"},
    {file = "mecab_python3-0.996.5-cp36-cp36m-manylinux2010_x86_64.whl", hash = "sha256:0e309f7f55c608b66c5dbd9a1e62f2686e9ff0923a5f1c28406985c4d8a80549"},
    {file = "mecab_python3-0.996.5-cp37-cp37m-macosx_10_9_x86_64.whl", hash = "sha256:32864543977281dcbb52f54e42d9fd060c9d869874d49806bbee5a0ff689e665"},
    {file = "mecab_python3-0.996.5-cp37-cp37m-manylinux1_i686.whl", hash = "sha256:e07f3ff74185d286a138258b7d7f01877ddad2338c8177bd579a580f0c589abc"},
    {file = "mecab_python3-0.996.5-cp37-cp37m-manylinux1_x86_64.whl", hash = "sha256:8d13b2732b3951a0defaa56acd628d1d83f123fdafee4f40701e001a66717a85"},
    {file = "mecab_python3-0.996.5-cp37-cp37m-manylinux2010_i686.whl", hash = "sha256:47ba0cf7b5b03137ba7b3998a6fe82da1407ac577016df10b6da7f1979dfb0ca"},
    {file = "mecab_python3-0.996.5-cp37-cp37m-manylinux2010_x86_64.whl", hash = "sha256:9af5050a093172123be6eedf65f263fb936885c5c200b1808cb1d2f15a59e871"},
    {file = "mecab_python3-0.996.5-cp38-cp38-macosx_10_9_x86_64.whl", hash = "sha256:ec6e3872b716eff99a0b3cad1079eeb16a5efdcf6dd48727e3372345a0d0d124"},
    {file = "mecab_python3-0.996.5-cp38-cp38-manylinux1_i686.whl", hash = "sha256:1bfe39e3c6a5be7bf54d36fcc14c5938fc831960507f9d7337cd2cc0e8de07d3"},
    {file = "mecab_python3-0.996.5-cp38-cp38-manylinux1_x86_64.whl", hash = "sha256:3f2a591460f28faf27318961c49e70b9e464a283c8184a677bdddc70aa8835b6"},
    {file = "mecab_python3-0.996.5-cp38-cp38-manylinux2010_i686.whl", hash = "sha256:f256a1dec3d6bea8cf9b6fd77b345903acf978c07c592c0dc470d20398693da8"},
    {file = "mecab_python3-0.996.5-cp38-cp38-manylinux2010_x86_64.whl", hash = "sha256:1af08a46774ac219bf93cc0c52d87d5cbcce9f4c3abba6b14c374f81ebc718c5"},
]
mwparserfromhell = [
    {file = "mwparserfromhell-0.5.4-cp27-cp27m-win32.whl", hash = "sha256:fb7000b444d11f850992dc7cb31c1d89fa544a28ab7f983a8aca3af29af5ea00"},
    {file = "mwparserfromhell-0.5.4-cp27-cp27m-win_amd64.whl", hash = "sha256:b101d457343c948588de5c292267b273de7632227a47e564e5ab80a3b10c4df3"},
    {file = "mwparserfromhell-0.5.4-cp34-cp34m-win32.whl", hash = "sha256:dda8bc7807b5b77acebc5ea0699f0c95ca9a8d8151a36a2121d6affcfcdfcf87"},
    {file = "mwparserfromhell-0.5.4-cp34-cp34m-win_amd64.whl", hash = "sha256:78cf0686ea762ff06ede4d52af05abc9981fba881d8d6f1325d6b34fe3e5d295"},
    {file = "mwparserfromhell-0.5.4-cp35-cp35m-win32.whl", hash = "sha256:e1419c058cd4f644cc58af9ea13304d415d6d282a7b64beb5226ee3c25eb2cbf"},
    {file = "mwparserfromhell-0.5.4-cp35-cp35m-win_amd64.whl", hash = "sha256:301e7742c769be6a2dedc287be2ca6724b5e85ed6aadc788fc2ba0a17d11f509"},
    {file = "mwparserfromhell-0.5.4-cp36-cp36m-win32.whl", hash = "sha256:049b4de541f0e03c0d9b745e9482fcd72637661ac8af7f924a7005bd46a4e551"},
    {file = "mwparserfromhell-0.5.4-cp36-cp36m-win_amd64.whl", hash = "sha256:696381fb96682a37655a8dfc35393d60433622e65618fd9e003cc81cb6e10554"},
    {file = "mwparserfromhell-0.5.4-cp37-cp37m-win32.whl", hash = "sha256:6377696e0fe0e12bdf9b94eeb2625edd3f30e373c72c593986c85eba60184575"},
    {file = "mwparserfromhell-0.5.4-cp37-cp37m-win_amd64.whl", hash = "sha256:2df9222bc5fc8f82ad68a3dd06ee38bde47eff521c4315b32523938ed834c3a4"},
    {file = "mwparserfromhell-0.5.4.tar.gz", hash = "sha256:aaf5416ab9b75e99e286f8a4216f77a2f7d834afd4c8f81731e701e59bf99305"},
]
numpy = [
    {file = "numpy-1.18.1-cp35-cp35m-macosx_10_6_intel.whl", hash = "sha256:20b26aaa5b3da029942cdcce719b363dbe58696ad182aff0e5dcb1687ec946dc"},
    {file = "numpy-1.18.1-cp35-cp35m-manylinux1_i686.whl", hash = "sha256:70a840a26f4e61defa7bdf811d7498a284ced303dfbc35acb7be12a39b2aa121"},
    {file = "numpy-1.18.1-cp35-cp35m-manylinux1_x86_64.whl", hash = "sha256:17aa7a81fe7599a10f2b7d95856dc5cf84a4eefa45bc96123cbbc3ebc568994e"},
    {file = "numpy-1.18.1-cp35-cp35m-win32.whl", hash = "sha256:f3d0a94ad151870978fb93538e95411c83899c9dc63e6fb65542f769568ecfa5"},
    {file = "numpy-1.18.1-cp35-cp35m-win_amd64.whl", hash = "sha256:1786a08236f2c92ae0e70423c45e1e62788ed33028f94ca99c4df03f5be6b3c6"},
    {file = "numpy-1.18.1-cp36-cp36m-macosx_10_9_x86_64.whl", hash = "sha256:ae0975f42ab1f28364dcda3dde3cf6c1ddab3e1d4b2909da0cb0191fa9ca0480"},
    {file = "numpy-1.18.1-cp36-cp36m-manylinux1_i686.whl", hash = "sha256:cf7eb6b1025d3e169989416b1adcd676624c2dbed9e3bcb7137f51bfc8cc2572"},
    {file = "numpy-1.18.1-cp36-cp36m-manylinux1_x86_64.whl", hash = "sha256:b765ed3930b92812aa698a455847141869ef755a87e099fddd4ccf9d81fffb57"},
    {file = "numpy-1.18.1-cp36-cp36m-win32.whl", hash = "sha256:2d75908ab3ced4223ccba595b48e538afa5ecc37405923d1fea6906d7c3a50bc"},
    {file = "numpy-1.18.1-cp36-cp36m-win_amd64.whl", hash = "sha256:9acdf933c1fd263c513a2df3dceecea6f3ff4419d80bf238510976bf9bcb26cd"},
    {file = "numpy-1.18.1-cp37-cp37m-macosx_10_9_x86_64.whl", hash = "sha256:56bc8ded6fcd9adea90f65377438f9fea8c05fcf7c5ba766bef258d0da1554aa"},
    {file = "numpy-1.18.1-cp37-cp37m-manylinux1_i686.whl", hash = "sha256:e422c3152921cece8b6a2fb6b0b4d73b6579bd20ae075e7d15143e711f3ca2ca"},
    {file = "numpy-1.18.1-cp37-cp37m-manylinux1_x86_64.whl", hash = "sha256:b3af02ecc999c8003e538e60c89a2b37646b39b688d4e44d7373e11c2debabec"},
    {file = "numpy-1.18.1-cp37-cp37m-win32.whl", hash = "sha256:d92350c22b150c1cae7ebb0ee8b5670cc84848f6359cf6b5d8f86617098a9b73"},
    {file = "numpy-1.18.1-cp37-cp37m-win_amd64.whl", hash = "sha256:77c3bfe65d8560487052ad55c6998a04b654c2fbc36d546aef2b2e511e760971"},
    {file = "numpy-1.18.1-cp38-cp38-macosx_10_9_x86_64.whl", hash = "sha256:c98c5ffd7d41611407a1103ae11c8b634ad6a43606eca3e2a5a269e5d6e8eb07"},
    {file = "numpy-1.18.1-cp38-cp38-manylinux1_i686.whl", hash = "sha256:9537eecf179f566fd1c160a2e912ca0b8e02d773af0a7a1120ad4f7507cd0d26"},
    {file = "numpy-1.18.1-cp38-cp38-manylinux1_x86_64.whl", hash = "sha256:e840f552a509e3380b0f0ec977e8124d0dc34dc0e68289ca28f4d7c1d0d79474"},
    {file = "numpy-1.18.1-cp38-cp38-win32.whl", hash = "sha256:590355aeade1a2eaba17617c19edccb7db8d78760175256e3cf94590a1a964f3"},
    {file = "numpy-1.18.1-cp38-cp38-win_amd64.whl", hash = "sha256:39d2c685af15d3ce682c99ce5925cc66efc824652e10990d2462dfe9b8918c6a"},
    {file = "numpy-1.18.1.zip", hash = "sha256:b6ff59cee96b454516e47e7721098e6ceebef435e3e21ac2d6c3b8b02628eb77"},
]
pathspec = [
    {file = "pathspec-0.7.0-py2.py3-none-any.whl", hash = "sha256:163b0632d4e31cef212976cf57b43d9fd6b0bac6e67c26015d611a647d5e7424"},
    {file = "pathspec-0.7.0.tar.gz", hash = "sha256:562aa70af2e0d434367d9790ad37aed893de47f1693e4201fd1d3dca15d19b96"},
]
pycodestyle = [
    {file = "pycodestyle-2.5.0-py2.py3-none-any.whl", hash = "sha256:95a2219d12372f05704562a14ec30bc76b05a5b297b21a5dfe3f6fac3491ae56"},
    {file = "pycodestyle-2.5.0.tar.gz", hash = "sha256:e40a936c9a450ad81df37f549d676d127b1b66000a6c500caa2b085bc0ca976c"},
]
pyflakes = [
    {file = "pyflakes-2.1.1-py2.py3-none-any.whl", hash = "sha256:17dbeb2e3f4d772725c777fabc446d5634d1038f234e77343108ce445ea69ce0"},
    {file = "pyflakes-2.1.1.tar.gz", hash = "sha256:d976835886f8c5b31d47970ed689944a0262b5f3afa00a5a7b4dc81e5449f8a2"},
]
regex = [
    {file = "regex-2020.2.20-cp27-cp27m-win32.whl", hash = "sha256:99272d6b6a68c7ae4391908fc15f6b8c9a6c345a46b632d7fdb7ef6c883a2bbb"},
    {file = "regex-2020.2.20-cp27-cp27m-win_amd64.whl", hash = "sha256:974535648f31c2b712a6b2595969f8ab370834080e00ab24e5dbb9d19b8bfb74"},
    {file = "regex-2020.2.20-cp36-cp36m-manylinux1_i686.whl", hash = "sha256:5de40649d4f88a15c9489ed37f88f053c15400257eeb18425ac7ed0a4e119400"},
    {file = "regex-2020.2.20-cp36-cp36m-manylinux1_x86_64.whl", hash = "sha256:82469a0c1330a4beb3d42568f82dffa32226ced006e0b063719468dcd40ffdf0"},
    {file = "regex-2020.2.20-cp36-cp36m-manylinux2010_i686.whl", hash = "sha256:d58a4fa7910102500722defbde6e2816b0372a4fcc85c7e239323767c74f5cbc"},
    {file = "regex-2020.2.20-cp36-cp36m-manylinux2010_x86_64.whl", hash = "sha256:f1ac2dc65105a53c1c2d72b1d3e98c2464a133b4067a51a3d2477b28449709a0"},
    {file = "regex-2020.2.20-cp36-cp36m-win32.whl", hash = "sha256:8c2b7fa4d72781577ac45ab658da44c7518e6d96e2a50d04ecb0fd8f28b21d69"},
    {file = "regex-2020.2.20-cp36-cp36m-win_amd64.whl", hash = "sha256:269f0c5ff23639316b29f31df199f401e4cb87529eafff0c76828071635d417b"},
    {file = "regex-2020.2.20-cp37-cp37m-manylinux1_i686.whl", hash = "sha256:bed7986547ce54d230fd8721aba6fd19459cdc6d315497b98686d0416efaff4e"},
    {file = "regex-2020.2.20-cp37-cp37m-manylinux1_x86_64.whl", hash = "sha256:046e83a8b160aff37e7034139a336b660b01dbfe58706f9d73f5cdc6b3460242"},
    {file = "regex-2020.2.20-cp37-cp37m-manylinux2010_i686.whl", hash = "sha256:b33ebcd0222c1d77e61dbcd04a9fd139359bded86803063d3d2d197b796c63ce"},
    {file = "regex-2020.2.20-cp37-cp37m-manylinux2010_x86_64.whl", hash = "sha256:bba52d72e16a554d1894a0cc74041da50eea99a8483e591a9edf1025a66843ab"},
    {file = "regex-2020.2.20-cp37-cp37m-win32.whl", hash = "sha256:01b2d70cbaed11f72e57c1cfbaca71b02e3b98f739ce33f5f26f71859ad90431"},
    {file = "regex-2020.2.20-cp37-cp37m-win_amd64.whl", hash = "sha256:113309e819634f499d0006f6200700c8209a2a8bf6bd1bdc863a4d9d6776a5d1"},
    {file = "regex-2020.2.20-cp38-cp38-manylinux1_i686.whl", hash = "sha256:25f4ce26b68425b80a233ce7b6218743c71cf7297dbe02feab1d711a2bf90045"},
    {file = "regex-2020.2.20-cp38-cp38-manylinux1_x86_64.whl", hash = "sha256:9b64a4cc825ec4df262050c17e18f60252cdd94742b4ba1286bcfe481f1c0f26"},
    {file = "regex-2020.2.20-cp38-cp38-manylinux2010_i686.whl", hash = "sha256:9ff16d994309b26a1cdf666a6309c1ef51ad4f72f99d3392bcd7b7139577a1f2"},
    {file = "regex-2020.2.20-cp38-cp38-manylinux2010_x86_64.whl", hash = "sha256:c7f58a0e0e13fb44623b65b01052dae8e820ed9b8b654bb6296bc9c41f571b70"},
    {file = "regex-2020.2.20-cp38-cp38-win32.whl", hash = "sha256:200539b5124bc4721247a823a47d116a7a23e62cc6695744e3eb5454a8888e6d"},
    {file = "regex-2020.2.20-cp38-cp38-win_amd64.whl", hash = "sha256:7f78f963e62a61e294adb6ff5db901b629ef78cb2a1cfce3cf4eeba80c1c67aa"},
    {file = "regex-2020.2.20.tar.gz", hash = "sha256:9e9624440d754733eddbcd4614378c18713d2d9d0dc647cf9c72f64e39671be5"},
]
scipy = [
    {file = "scipy-1.4.1-cp35-cp35m-macosx_10_6_intel.whl", hash = "sha256:c5cac0c0387272ee0e789e94a570ac51deb01c796b37fb2aad1fb13f85e2f97d"},
    {file = "scipy-1.4.1-cp35-cp35m-manylinux1_i686.whl", hash = "sha256:a144811318853a23d32a07bc7fd5561ff0cac5da643d96ed94a4ffe967d89672"},
    {file = "scipy-1.4.1-cp35-cp35m-manylinux1_x86_64.whl", hash = "sha256:71eb180f22c49066f25d6df16f8709f215723317cc951d99e54dc88020ea57be"},
    {file = "scipy-1.4.1-cp35-cp35m-win32.whl", hash = "sha256:770254a280d741dd3436919d47e35712fb081a6ff8bafc0f319382b954b77802"},
    {file = "scipy-1.4.1-cp35-cp35m-win_amd64.whl", hash = "sha256:a1aae70d52d0b074d8121333bc807a485f9f1e6a69742010b33780df2e60cfe0"},
    {file = "scipy-1.4.1-cp36-cp36m-macosx_10_6_intel.whl", hash = "sha256:bb517872058a1f087c4528e7429b4a44533a902644987e7b2fe35ecc223bc408"},
    {file = "scipy-1.4.1-cp36-cp36m-manylinux1_i686.whl", hash = "sha256:dba8306f6da99e37ea08c08fef6e274b5bf8567bb094d1dbe86a20e532aca088"},
    {file = "scipy-1.4.1-cp36-cp36m-manylinux1_x86_64.whl", hash = "sha256:386086e2972ed2db17cebf88610aab7d7f6e2c0ca30042dc9a89cf18dcc363fa"},
    {file = "scipy-1.4.1-cp36-cp36m-win32.whl", hash = "sha256:8d3bc3993b8e4be7eade6dcc6fd59a412d96d3a33fa42b0fa45dc9e24495ede9"},
    {file = "scipy-1.4.1-cp36-cp36m-win_amd64.whl", hash = "sha256:dc60bb302f48acf6da8ca4444cfa17d52c63c5415302a9ee77b3b21618090521"},
    {file = "scipy-1.4.1-cp37-cp37m-macosx_10_6_intel.whl", hash = "sha256:787cc50cab3020a865640aba3485e9fbd161d4d3b0d03a967df1a2881320512d"},
    {file = "scipy-1.4.1-cp37-cp37m-manylinux1_i686.whl", hash = "sha256:0902a620a381f101e184a958459b36d3ee50f5effd186db76e131cbefcbb96f7"},
    {file = "scipy-1.4.1-cp37-cp37m-manylinux1_x86_64.whl", hash = "sha256:00af72998a46c25bdb5824d2b729e7dabec0c765f9deb0b504f928591f5ff9d4"},
    {file = "scipy-1.4.1-cp37-cp37m-win32.whl", hash = "sha256:9508a7c628a165c2c835f2497837bf6ac80eb25291055f56c129df3c943cbaf8"},
    {file = "scipy-1.4.1-cp37-cp37m-win_amd64.whl", hash = "sha256:a2d6df9eb074af7f08866598e4ef068a2b310d98f87dc23bd1b90ec7bdcec802"},
    {file = "scipy-1.4.1-cp38-cp38-macosx_10_9_x86_64.whl", hash = "sha256:3092857f36b690a321a662fe5496cb816a7f4eecd875e1d36793d92d3f884073"},
    {file = "scipy-1.4.1-cp38-cp38-manylinux1_i686.whl", hash = "sha256:8a07760d5c7f3a92e440ad3aedcc98891e915ce857664282ae3c0220f3301eb6"},
    {file = "scipy-1.4.1-cp38-cp38-manylinux1_x86_64.whl", hash = "sha256:1e3190466d669d658233e8a583b854f6386dd62d655539b77b3fa25bfb2abb70"},
    {file = "scipy-1.4.1-cp38-cp38-win32.whl", hash = "sha256:cc971a82ea1170e677443108703a2ec9ff0f70752258d0e9f5433d00dda01f59"},
    {file = "scipy-1.4.1-cp38-cp38-win_amd64.whl", hash = "sha256:2cce3f9847a1a51019e8c5b47620da93950e58ebc611f13e0d11f4980ca5fecb"},
    {file = "scipy-1.4.1.tar.gz", hash = "sha256:dee1bbf3a6c8f73b6b218cb28eed8dd13347ea2f87d572ce19b289d6fd3fbc59"},
]
six = [
    {file = "six-1.14.0-py2.py3-none-any.whl", hash = "sha256:8f3cd2e254d8f793e7f3d6d9df77b92252b52637291d0f0da013c76ea2724b6c"},
    {file = "six-1.14.0.tar.gz", hash = "sha256:236bdbdce46e6e6a3d61a337c0f8b763ca1e8717c03b369e87a7ec7ce1319c0a"},
]
toml = [
    {file = "toml-0.10.0-py2.7.egg", hash = "sha256:f1db651f9657708513243e61e6cc67d101a39bad662eaa9b5546f789338e07a3"},
    {file = "toml-0.10.0-py2.py3-none-any.whl", hash = "sha256:235682dd292d5899d361a811df37e04a8828a5b1da3115886b73cf81ebc9100e"},
    {file = "toml-0.10.0.tar.gz", hash = "sha256:229f81c57791a41d65e399fc06bf0848bab550a9dfd5ed66df18ce5f05e73d5c"},
]
tqdm = [
    {file = "tqdm-4.43.0-py2.py3-none-any.whl", hash = "sha256:0d8b5afb66e23d80433102e9bd8b5c8b65d34c2a2255b2de58d97bd2ea8170fd"},
    {file = "tqdm-4.43.0.tar.gz", hash = "sha256:f35fb121bafa030bd94e74fcfd44f3c2830039a2ddef7fc87ef1c2d205237b24"},
]
typed-ast = [
    {file = "typed_ast-1.4.1-cp35-cp35m-manylinux1_i686.whl", hash = "sha256:73d785a950fc82dd2a25897d525d003f6378d1cb23ab305578394694202a58c3"},
    {file = "typed_ast-1.4.1-cp35-cp35m-manylinux1_x86_64.whl", hash = "sha256:aaee9905aee35ba5905cfb3c62f3e83b3bec7b39413f0a7f19be4e547ea01ebb"},
    {file = "typed_ast-1.4.1-cp35-cp35m-win32.whl", hash = "sha256:0c2c07682d61a629b68433afb159376e24e5b2fd4641d35424e462169c0a7919"},
    {file = "typed_ast-1.4.1-cp35-cp35m-win_amd64.whl", hash = "sha256:4083861b0aa07990b619bd7ddc365eb7fa4b817e99cf5f8d9cf21a42780f6e01"},
    {file = "typed_ast-1.4.1-cp36-cp36m-macosx_10_9_x86_64.whl", hash = "sha256:269151951236b0f9a6f04015a9004084a5ab0d5f19b57de779f908621e7d8b75"},
    {file = "typed_ast-1.4.1-cp36-cp36m-manylinux1_i686.whl", hash = "sha256:24995c843eb0ad11a4527b026b4dde3da70e1f2d8806c99b7b4a7cf491612652"},
    {file = "typed_ast-1.4.1-cp36-cp36m-manylinux1_x86_64.whl", hash = "sha256:fe460b922ec15dd205595c9b5b99e2f056fd98ae8f9f56b888e7a17dc2b757e7"},
    {file = "typed_ast-1.4.1-cp36-cp36m-win32.whl", hash = "sha256:4e3e5da80ccbebfff202a67bf900d081906c358ccc3d5e3c8aea42fdfdfd51c1"},
    {file = "typed_ast-1.4.1-cp36-cp36m-win_amd64.whl", hash = "sha256:249862707802d40f7f29f6e1aad8d84b5aa9e44552d2cc17384b209f091276aa"},
    {file = "typed_ast-1.4.1-cp37-cp37m-macosx_10_9_x86_64.whl", hash = "sha256:8ce678dbaf790dbdb3eba24056d5364fb45944f33553dd5869b7580cdbb83614"},
    {file = "typed_ast-1.4.1-cp37-cp37m-manylinux1_i686.whl", hash = "sha256:c9e348e02e4d2b4a8b2eedb48210430658df6951fa484e59de33ff773fbd4b41"},
    {file = "typed_ast-1.4.1-cp37-cp37m-manylinux1_x86_64.whl", hash = "sha256:bcd3b13b56ea479b3650b82cabd6b5343a625b0ced5429e4ccad28a8973f301b"},
    {file = "typed_ast-1.4.1-cp37-cp37m-win32.whl", hash = "sha256:d5d33e9e7af3b34a40dc05f498939f0ebf187f07c385fd58d591c533ad8562fe"},
    {file = "typed_ast-1.4.1-cp37-cp37m-win_amd64.whl", hash = "sha256:0666aa36131496aed8f7be0410ff974562ab7eeac11ef351def9ea6fa28f6355"},
    {file = "typed_ast-1.4.1-cp38-cp38-macosx_10_15_x86_64.whl", hash = "sha256:d205b1b46085271b4e15f670058ce182bd1199e56b317bf2ec004b6a44f911f6"},
    {file = "typed_ast-1.4.1-cp38-cp38-manylinux1_i686.whl", hash = "sha256:6daac9731f172c2a22ade6ed0c00197ee7cc1221aa84cfdf9c31defeb059a907"},
    {file = "typed_ast-1.4.1-cp38-cp38-manylinux1_x86_64.whl", hash = "sha256:498b0f36cc7054c1fead3d7fc59d2150f4d5c6c56ba7fb150c013fbc683a8d2d"},
    {file = "typed_ast-1.4.1-cp38-cp38-win32.whl", hash = "sha256:715ff2f2df46121071622063fc7543d9b1fd19ebfc4f5c8895af64a77a8c852c"},
    {file = "typed_ast-1.4.1-cp38-cp38-win_amd64.whl", hash = "sha256:fc0fea399acb12edbf8a628ba8d2312f583bdbdb3335635db062fa98cf71fca4"},
    {file = "typed_ast-1.4.1-cp39-cp39-macosx_10_15_x86_64.whl", hash = "sha256:d43943ef777f9a1c42bf4e552ba23ac77a6351de620aa9acf64ad54933ad4d34"},
    {file = "typed_ast-1.4.1.tar.gz", hash = "sha256:8c8aaad94455178e3187ab22c8b01a3837f8ee50e09cf31f1ba129eb293ec30b"},
]
visitor = [
    {file = "visitor-0.1.3.tar.gz", hash = "sha256:2c737903b2b6864ebc6167eef7cf3b997126f1aa94bdf590f90f1436d23e480a"},
]
werkzeug = [
    {file = "Werkzeug-1.0.0-py2.py3-none-any.whl", hash = "sha256:6dc65cf9091cf750012f56f2cad759fa9e879f511b5ff8685e456b4e3bf90d16"},
    {file = "Werkzeug-1.0.0.tar.gz", hash = "sha256:169ba8a33788476292d04186ab33b01d6add475033dfc07215e6d219cc077096"},
]
wikipedia2vec = [
    {file = "wikipedia2vec-1.0.4.tar.gz", hash = "sha256:48a18d0b39162b8b29ead0626711f984003d509cbe52149b8bac3b9a2578e9f8"},
]
